%{"certifi": {:hex, :certifi, "0.7.0"},
  "combine": {:hex, :combine, "0.9.3"},
  "gen_stage": {:hex, :gen_stage, "0.9.0"},
  "gettext": {:hex, :gettext, "0.12.1"},
  "hackney": {:hex, :hackney, "1.6.3"},
  "httpoison": {:hex, :httpoison, "0.10.0"},
  "idna": {:hex, :idna, "1.2.0"},
  "metrics": {:hex, :metrics, "1.0.1"},
  "mimerl": {:hex, :mimerl, "1.0.2"},
  "poison": {:hex, :poison, "3.0.0"},
  "ssl_verify_fun": {:hex, :ssl_verify_fun, "1.1.1"},
  "timex": {:hex, :timex, "3.1.5"},
  "tzdata": {:hex, :tzdata, "0.5.9"}}
